
Microsoft Visual Studio Solution File, Format Version 12.00
# Visual Studio Version 16
VisualStudioVersion = 16.0.33027.164
MinimumVisualStudioVersion = 10.0.40219.1
Project("{FAE04EC0-301F-11D3-BF4B-00C04F79EFBC}") = "WpfApp1", "WpfApp1\WpfApp1.csproj", "{6C1F9618-B8B9-46B7-8919-E3189B0213FC}"
EndProject
Project("{2150E333-8FDC-42A3-9474-1A3956D46DE8}") = "090_Test", "090_Test", "{3E91CD3F-7D9B-4D1B-9AEB-85A5D2DBEC18}"
EndProject
Project("{2150E333-8FDC-42A3-9474-1A3956D46DE8}") = "Filter", "Filter", "{D3358089-EB87-4A2F-B653-F995EC975C52}"
EndProject
Global
	GlobalSection(SolutionConfigurationPlatforms) = preSolution
		Debug|Any CPU = Debug|Any CPU
		Release|Any CPU = Release|Any CPU
	EndGlobalSection
	GlobalSection(ProjectConfigurationPlatforms) = postSolution
		{6C1F9618-B8B9-46B7-8919-E3189B0213FC}.Debug|Any CPU.ActiveCfg = Debug|Any CPU
		{6C1F9618-B8B9-46B7-8919-E3189B0213FC}.Debug|Any CPU.Build.0 = Debug|Any CPU
		{6C1F9618-B8B9-46B7-8919-E3189B0213FC}.Release|Any CPU.ActiveCfg = Release|Any CPU
		{6C1F9618-B8B9-46B7-8919-E3189B0213FC}.Release|Any CPU.Build.0 = Release|Any CPU
	EndGlobalSection
	GlobalSection(SolutionProperties) = preSolution
		HideSolutionNode = FALSE
	EndGlobalSection
	GlobalSection(NestedProjects) = preSolution
		{D3358089-EB87-4A2F-B653-F995EC975C52} = {3E91CD3F-7D9B-4D1B-9AEB-85A5D2DBEC18}
	EndGlobalSection
	GlobalSection(ExtensibilityGlobals) = postSolution
		SolutionGuid = {12691335-C63B-40EF-8706-BB3422E9D675}
	EndGlobalSection
EndGlobal
